
Microsoft Visual Studio Solution File, Format Version 12.00
# Visual Studio 15
VisualStudioVersion = 15.0.28307.168
MinimumVisualStudioVersion = 10.0.40219.1
Project("{FAE04EC0-301F-11D3-BF4B-00C04F79EFBC}") = "Peak", "Peak\Peak.csproj", "{A9C99594-405B-4437-B726-C969129A26F6}"
EndProject
Project("{2150E333-8FDC-42A3-9474-1A3956D46DE8}") = "Peak.Base", "Peak.Base", "{191E694C-D78B-4BD2-9059-EC3F3955126F}"
EndProject
Project("{2150E333-8FDC-42A3-9474-1A3956D46DE8}") = "Peak.Ioc", "Peak.Ioc", "{5B625ECA-F72B-4ECD-BDD7-C1D40C6EB925}"
EndProject
Project("{2150E333-8FDC-42A3-9474-1A3956D46DE8}") = "Peak.Office", "Peak.Office", "{C55C5E32-146F-446B-A0C8-EC76F71A8490}"
EndProject
Project("{2150E333-8FDC-42A3-9474-1A3956D46DE8}") = "Excel", "Excel", "{559C1E3D-CA5C-4C06-A849-3CC0C99FACCE}"
EndProject
Project("{2150E333-8FDC-42A3-9474-1A3956D46DE8}") = "Word", "Word", "{F4026628-7A99-40D7-A1D2-5D0DAE791B42}"
EndProject
Project("{2150E333-8FDC-42A3-9474-1A3956D46DE8}") = "PowerPoint", "PowerPoint", "{5B498964-699B-4860-A7BE-61F175B9F9F5}"
EndProject
Project("{2150E333-8FDC-42A3-9474-1A3956D46DE8}") = "Peak.Test", "Peak.Test", "{D0FD1069-7902-42E4-9513-C8821FEB7472}"
EndProject
Project("{FAE04EC0-301F-11D3-BF4B-00C04F79EFBC}") = "PeakTest", "PeakTest\PeakTest.csproj", "{E0260FBC-0ADC-489F-B2F5-ACE9D7036850}"
EndProject
Global
	GlobalSection(SolutionConfigurationPlatforms) = preSolution
		Debug|Any CPU = Debug|Any CPU
		Release|Any CPU = Release|Any CPU
	EndGlobalSection
	GlobalSection(ProjectConfigurationPlatforms) = postSolution
		{A9C99594-405B-4437-B726-C969129A26F6}.Debug|Any CPU.ActiveCfg = Debug|Any CPU
		{A9C99594-405B-4437-B726-C969129A26F6}.Debug|Any CPU.Build.0 = Debug|Any CPU
		{A9C99594-405B-4437-B726-C969129A26F6}.Release|Any CPU.ActiveCfg = Release|Any CPU
		{A9C99594-405B-4437-B726-C969129A26F6}.Release|Any CPU.Build.0 = Release|Any CPU
		{E0260FBC-0ADC-489F-B2F5-ACE9D7036850}.Debug|Any CPU.ActiveCfg = Debug|Any CPU
		{E0260FBC-0ADC-489F-B2F5-ACE9D7036850}.Debug|Any CPU.Build.0 = Debug|Any CPU
		{E0260FBC-0ADC-489F-B2F5-ACE9D7036850}.Release|Any CPU.ActiveCfg = Release|Any CPU
		{E0260FBC-0ADC-489F-B2F5-ACE9D7036850}.Release|Any CPU.Build.0 = Release|Any CPU
	EndGlobalSection
	GlobalSection(SolutionProperties) = preSolution
		HideSolutionNode = FALSE
	EndGlobalSection
	GlobalSection(NestedProjects) = preSolution
		{A9C99594-405B-4437-B726-C969129A26F6} = {191E694C-D78B-4BD2-9059-EC3F3955126F}
		{559C1E3D-CA5C-4C06-A849-3CC0C99FACCE} = {C55C5E32-146F-446B-A0C8-EC76F71A8490}
		{F4026628-7A99-40D7-A1D2-5D0DAE791B42} = {C55C5E32-146F-446B-A0C8-EC76F71A8490}
		{5B498964-699B-4860-A7BE-61F175B9F9F5} = {C55C5E32-146F-446B-A0C8-EC76F71A8490}
		{E0260FBC-0ADC-489F-B2F5-ACE9D7036850} = {D0FD1069-7902-42E4-9513-C8821FEB7472}
	EndGlobalSection
	GlobalSection(ExtensibilityGlobals) = postSolution
		SolutionGuid = {69016106-7C17-41CA-A752-37E655EE1BEE}
	EndGlobalSection
EndGlobal
